
Microsoft Visual Studio Solution File, Format Version 12.00
# Visual Studio Version 16
VisualStudioVersion = 16.0.30204.135
MinimumVisualStudioVersion = 10.0.40219.1
Project("{8BC9CEB8-8B4A-11D0-8D11-00A0C91BC942}") = "4", "4.vcxproj", "{50324E89-F2D2-4516-8B6D-34DE21D8920D}"
EndProject
Global
	GlobalSection(SolutionConfigurationPlatforms) = preSolution
		Debug|x64 = Debug|x64
		Debug|x86 = Debug|x86
		Release|x64 = Release|x64
		Release|x86 = Release|x86
	EndGlobalSection
	GlobalSection(ProjectConfigurationPlatforms) = postSolution
		{50324E89-F2D2-4516-8B6D-34DE21D8920D}.Debug|x64.ActiveCfg = Debug|x64
		{50324E89-F2D2-4516-8B6D-34DE21D8920D}.Debug|x64.Build.0 = Debug|x64
		{50324E89-F2D2-4516-8B6D-34DE21D8920D}.Debug|x86.ActiveCfg = Debug|Win32
		{50324E89-F2D2-4516-8B6D-34DE21D8920D}.Debug|x86.Build.0 = Debug|Win32
		{50324E89-F2D2-4516-8B6D-34DE21D8920D}.Release|x64.ActiveCfg = Release|x64
		{50324E89-F2D2-4516-8B6D-34DE21D8920D}.Release|x64.Build.0 = Release|x64
		{50324E89-F2D2-4516-8B6D-34DE21D8920D}.Release|x86.ActiveCfg = Release|Win32
		{50324E89-F2D2-4516-8B6D-34DE21D8920D}.Release|x86.Build.0 = Release|Win32
	EndGlobalSection
	GlobalSection(SolutionProperties) = preSolution
		HideSolutionNode = FALSE
	EndGlobalSection
	GlobalSection(ExtensibilityGlobals) = postSolution
		SolutionGuid = {138065EE-07C1-4D1E-8683-B012BFCCB9DC}
	EndGlobalSection
EndGlobal
