
Microsoft Visual Studio Solution File, Format Version 12.00
# Visual Studio Version 16
VisualStudioVersion = 16.0.30204.135
MinimumVisualStudioVersion = 10.0.40219.1
Project("{8BC9CEB8-8B4A-11D0-8D11-00A0C91BC942}") = "3.2", "3.2.vcxproj", "{6F0DCBAC-E140-4D60-92EC-71A8A077BEB6}"
EndProject
Global
	GlobalSection(SolutionConfigurationPlatforms) = preSolution
		Debug|x64 = Debug|x64
		Debug|x86 = Debug|x86
		Release|x64 = Release|x64
		Release|x86 = Release|x86
	EndGlobalSection
	GlobalSection(ProjectConfigurationPlatforms) = postSolution
		{6F0DCBAC-E140-4D60-92EC-71A8A077BEB6}.Debug|x64.ActiveCfg = Debug|x64
		{6F0DCBAC-E140-4D60-92EC-71A8A077BEB6}.Debug|x64.Build.0 = Debug|x64
		{6F0DCBAC-E140-4D60-92EC-71A8A077BEB6}.Debug|x86.ActiveCfg = Debug|Win32
		{6F0DCBAC-E140-4D60-92EC-71A8A077BEB6}.Debug|x86.Build.0 = Debug|Win32
		{6F0DCBAC-E140-4D60-92EC-71A8A077BEB6}.Release|x64.ActiveCfg = Release|x64
		{6F0DCBAC-E140-4D60-92EC-71A8A077BEB6}.Release|x64.Build.0 = Release|x64
		{6F0DCBAC-E140-4D60-92EC-71A8A077BEB6}.Release|x86.ActiveCfg = Release|Win32
		{6F0DCBAC-E140-4D60-92EC-71A8A077BEB6}.Release|x86.Build.0 = Release|Win32
	EndGlobalSection
	GlobalSection(SolutionProperties) = preSolution
		HideSolutionNode = FALSE
	EndGlobalSection
	GlobalSection(ExtensibilityGlobals) = postSolution
		SolutionGuid = {7397E3D4-66A3-47D5-BACD-D91059FAC8D3}
	EndGlobalSection
EndGlobal
