
Microsoft Visual Studio Solution File, Format Version 12.00
# Visual Studio Version 16
VisualStudioVersion = 16.0.30204.135
MinimumVisualStudioVersion = 10.0.40219.1
Project("{8BC9CEB8-8B4A-11D0-8D11-00A0C91BC942}") = "4.14", "4.14.vcxproj", "{1CEC12C5-ED6C-4ABD-9482-FC1793BB7B98}"
EndProject
Global
	GlobalSection(SolutionConfigurationPlatforms) = preSolution
		Debug|x64 = Debug|x64
		Debug|x86 = Debug|x86
		Release|x64 = Release|x64
		Release|x86 = Release|x86
	EndGlobalSection
	GlobalSection(ProjectConfigurationPlatforms) = postSolution
		{1CEC12C5-ED6C-4ABD-9482-FC1793BB7B98}.Debug|x64.ActiveCfg = Debug|x64
		{1CEC12C5-ED6C-4ABD-9482-FC1793BB7B98}.Debug|x64.Build.0 = Debug|x64
		{1CEC12C5-ED6C-4ABD-9482-FC1793BB7B98}.Debug|x86.ActiveCfg = Debug|Win32
		{1CEC12C5-ED6C-4ABD-9482-FC1793BB7B98}.Debug|x86.Build.0 = Debug|Win32
		{1CEC12C5-ED6C-4ABD-9482-FC1793BB7B98}.Release|x64.ActiveCfg = Release|x64
		{1CEC12C5-ED6C-4ABD-9482-FC1793BB7B98}.Release|x64.Build.0 = Release|x64
		{1CEC12C5-ED6C-4ABD-9482-FC1793BB7B98}.Release|x86.ActiveCfg = Release|Win32
		{1CEC12C5-ED6C-4ABD-9482-FC1793BB7B98}.Release|x86.Build.0 = Release|Win32
	EndGlobalSection
	GlobalSection(SolutionProperties) = preSolution
		HideSolutionNode = FALSE
	EndGlobalSection
	GlobalSection(ExtensibilityGlobals) = postSolution
		SolutionGuid = {8BFF4AD2-0B6B-4AC1-B7E0-10D948CFAC8A}
	EndGlobalSection
EndGlobal
